// !$*UTF8*$!
{
	archiveVersion = 1;
	classes = {
	};
	objectVersion = 46;
	objects = {

/* Begin PBXFileReference section */
		21CB3B581C80781900461DDA /* Data */ = {isa = PBXFileReference; lastKnownFileType = folder; path = Data; sourceTree = "<group>"; };
		21CB3B591C80781900461DDA /* Package.swift */ = {isa = PBXFileReference; lastKnownFileType = sourcecode.swift; path = Package.swift; sourceTree = "<group>"; };
		21CB3B5A1C80781900461DDA /* Packages */ = {isa = PBXFileReference; lastKnownFileType = folder; path = Packages; sourceTree = "<group>"; };
		21CB3B5B1C80781900461DDA /* README.md */ = {isa = PBXFileReference; lastKnownFileType = net.daringfireball.markdown; path = README.md; sourceTree = "<group>"; };
		21CB3B5C1C80781900461DDA /* run.sh */ = {isa = PBXFileReference; lastKnownFileType = text.script.sh; path = run.sh; sourceTree = "<group>"; };
		21CB3B5D1C80781900461DDA /* Sources */ = {isa = PBXFileReference; lastKnownFileType = folder; path = Sources; sourceTree = "<group>"; };
		21CB3B5E1C80781900461DDA /* Temp */ = {isa = PBXFileReference; lastKnownFileType = folder; path = Temp; sourceTree = "<group>"; };
/* End PBXFileReference section */

/* Begin PBXGroup section */
		21CB3B511C8077B700461DDA = {
			isa = PBXGroup;
			children = (
				21CB3B581C80781900461DDA /* Data */,
				21CB3B591C80781900461DDA /* Package.swift */,
				21CB3B5A1C80781900461DDA /* Packages */,
				21CB3B5B1C80781900461DDA /* README.md */,
				21CB3B5C1C80781900461DDA /* run.sh */,
				21CB3B5D1C80781900461DDA /* Sources */,
				21CB3B5E1C80781900461DDA /* Temp */,
			);
			sourceTree = "<group>";
		};
/* End PBXGroup section */

/* Begin PBXProject section */
		21CB3B521C8077B700461DDA /* Project object */ = {
			isa = PBXProject;
			attributes = {
				LastSwiftUpdateCheck = 0720;
				LastUpgradeCheck = 0720;
			};
			buildConfigurationList = 21CB3B551C8077B700461DDA /* Build configuration list for PBXProject "Machine Learning" */;
			compatibilityVersion = "Xcode 3.2";
			developmentRegion = English;
			hasScannedForEncodings = 0;
			knownRegions = (
				en,
			);
			mainGroup = 21CB3B511C8077B700461DDA;
			productRefGroup = 21CB3B511C8077B700461DDA;
			projectDirPath = "";
			projectRoot = "";
			targets = (
			);
		};
/* End PBXProject section */

/* Begin XCBuildConfiguration section */
		21CB3B561C8077B700461DDA /* Debug */ = {
			isa = XCBuildConfiguration;
			buildSettings = {
			};
			name = Debug;
		};
		21CB3B571C8077B700461DDA /* Release */ = {
			isa = XCBuildConfiguration;
			buildSettings = {
			};
			name = Release;
		};
/* End XCBuildConfiguration section */

/* Begin XCConfigurationList section */
		21CB3B551C8077B700461DDA /* Build configuration list for PBXProject "Machine Learning" */ = {
			isa = XCConfigurationList;
			buildConfigurations = (
				21CB3B561C8077B700461DDA /* Debug */,
				21CB3B571C8077B700461DDA /* Release */,
			);
			defaultConfigurationIsVisible = 0;
			defaultConfigurationName = Release;
		};
/* End XCConfigurationList section */
	};
	rootObject = 21CB3B521C8077B700461DDA /* Project object */;
}
